
Microsoft Visual Studio Solution File, Format Version 12.00
# Visual Studio Version 16
VisualStudioVersion = 16.0.32929.386
MinimumVisualStudioVersion = 10.0.40219.1
Project("{FAE04EC0-301F-11D3-BF4B-00C04F79EFBC}") = "MeuIngresso", "MeuIngresso\MeuIngresso.csproj", "{A0BFE0CA-1E10-4780-A701-54851E169BE1}"
EndProject
Global
	GlobalSection(SolutionConfigurationPlatforms) = preSolution
		Debug|Any CPU = Debug|Any CPU
		Release|Any CPU = Release|Any CPU
	EndGlobalSection
	GlobalSection(ProjectConfigurationPlatforms) = postSolution
		{A0BFE0CA-1E10-4780-A701-54851E169BE1}.Debug|Any CPU.ActiveCfg = Debug|Any CPU
		{A0BFE0CA-1E10-4780-A701-54851E169BE1}.Debug|Any CPU.Build.0 = Debug|Any CPU
		{A0BFE0CA-1E10-4780-A701-54851E169BE1}.Release|Any CPU.ActiveCfg = Release|Any CPU
		{A0BFE0CA-1E10-4780-A701-54851E169BE1}.Release|Any CPU.Build.0 = Release|Any CPU
	EndGlobalSection
	GlobalSection(SolutionProperties) = preSolution
		HideSolutionNode = FALSE
	EndGlobalSection
	GlobalSection(ExtensibilityGlobals) = postSolution
		SolutionGuid = {4E25E2AA-31CB-40C2-93EB-6E6D311F7C80}
	EndGlobalSection
EndGlobal
